PODS:
  - Alamofire (3.1.4)
  - Kingfisher (1.8.5)
  - LTMorphingLabel (0.0.9)
  - MJRefresh (3.0.7)
  - SwiftyJSON (2.3.2)

DEPENDENCIES:
  - Alamofire (~> 3.1.4)
  - Kingfisher (~> 1.2)
  - LTMorphingLabel (~> 0.0.6)
  - MJRefresh
  - SwiftyJSON (>= 2.2)

SPEC CHECKSUMS:
  Alamofire: fbc829692f351fa1d8a31dd75fd7f7f56fea31fb
  Kingfisher: 780fed0fa82692a3bd59d53329ae2b85cdd354a5
  LTMorphingLabel: 4235a403f99f0e0e503389da660e0fec324549d9
  MJRefresh: f3e1228ec3d38c7ba5208d58032631a52f39f495
  SwiftyJSON: 04ccea08915aa0109039157c7974cf0298da292a

COCOAPODS: 0.39.0
